
Microsoft Visual Studio Solution File, Format Version 12.00
#
Project("{FAE04EC0-301F-11D3-BF4B-00C04F79EFBC}") = "PokeSharp.Core", "PokeSharp.Core\PokeSharp.Core.csproj", "{F4798FF4-20FD-4126-9E31-B695A70905C2}"
EndProject
Project("{FAE04EC0-301F-11D3-BF4B-00C04F79EFBC}") = "PokeSharp.Rendering", "PokeSharp.Rendering\PokeSharp.Rendering.csproj", "{B78D4FBC-0445-48ED-94D4-B43A68D3B649}"
EndProject
Project("{FAE04EC0-301F-11D3-BF4B-00C04F79EFBC}") = "PokeSharp.Input", "PokeSharp.Input\PokeSharp.Input.csproj", "{EB51D147-8FE2-45ED-A4FC-08AAAB502872}"
EndProject
Project("{FAE04EC0-301F-11D3-BF4B-00C04F79EFBC}") = "PokeSharp.Scripting", "PokeSharp.Scripting\PokeSharp.Scripting.csproj", "{F8E1991D-55FB-4EFD-8B9E-6FFBF6D5C976}"
EndProject
Project("{FAE04EC0-301F-11D3-BF4B-00C04F79EFBC}") = "PokeSharp.Game", "PokeSharp.Game\PokeSharp.Game.csproj", "{6C026CBA-1899-4421-8C51-BC3854A0D102}"
EndProject
Project("{2150E333-8FDC-42A3-9474-1A3956D46DE8}") = "tests", "tests", "{A0295B21-2A7E-41B4-B75C-75CDDC38CC65}"
EndProject
Project("{FAE04EC0-301F-11D3-BF4B-00C04F79EFBC}") = "PokeSharp.Core.Tests", "tests\PokeSharp.Core.Tests\PokeSharp.Core.Tests.csproj", "{34CA3CA9-AF96-450D-B528-850D9C955312}"
EndProject
Global
	GlobalSection(SolutionConfigurationPlatforms) = preSolution
		Debug|Any CPU = Debug|Any CPU
		Release|Any CPU = Release|Any CPU
	EndGlobalSection
	GlobalSection(ProjectConfigurationPlatforms) = postSolution
		{F4798FF4-20FD-4126-9E31-B695A70905C2}.Debug|Any CPU.ActiveCfg = Debug|Any CPU
		{F4798FF4-20FD-4126-9E31-B695A70905C2}.Debug|Any CPU.Build.0 = Debug|Any CPU
		{F4798FF4-20FD-4126-9E31-B695A70905C2}.Release|Any CPU.ActiveCfg = Release|Any CPU
		{F4798FF4-20FD-4126-9E31-B695A70905C2}.Release|Any CPU.Build.0 = Release|Any CPU
		{B78D4FBC-0445-48ED-94D4-B43A68D3B649}.Debug|Any CPU.ActiveCfg = Debug|Any CPU
		{B78D4FBC-0445-48ED-94D4-B43A68D3B649}.Debug|Any CPU.Build.0 = Debug|Any CPU
		{B78D4FBC-0445-48ED-94D4-B43A68D3B649}.Release|Any CPU.ActiveCfg = Release|Any CPU
		{B78D4FBC-0445-48ED-94D4-B43A68D3B649}.Release|Any CPU.Build.0 = Release|Any CPU
		{EB51D147-8FE2-45ED-A4FC-08AAAB502872}.Debug|Any CPU.ActiveCfg = Debug|Any CPU
		{EB51D147-8FE2-45ED-A4FC-08AAAB502872}.Debug|Any CPU.Build.0 = Debug|Any CPU
		{EB51D147-8FE2-45ED-A4FC-08AAAB502872}.Release|Any CPU.ActiveCfg = Release|Any CPU
		{EB51D147-8FE2-45ED-A4FC-08AAAB502872}.Release|Any CPU.Build.0 = Release|Any CPU
		{F8E1991D-55FB-4EFD-8B9E-6FFBF6D5C976}.Debug|Any CPU.ActiveCfg = Debug|Any CPU
		{F8E1991D-55FB-4EFD-8B9E-6FFBF6D5C976}.Debug|Any CPU.Build.0 = Debug|Any CPU
		{F8E1991D-55FB-4EFD-8B9E-6FFBF6D5C976}.Release|Any CPU.ActiveCfg = Release|Any CPU
		{F8E1991D-55FB-4EFD-8B9E-6FFBF6D5C976}.Release|Any CPU.Build.0 = Release|Any CPU
		{6C026CBA-1899-4421-8C51-BC3854A0D102}.Debug|Any CPU.ActiveCfg = Debug|Any CPU
		{6C026CBA-1899-4421-8C51-BC3854A0D102}.Debug|Any CPU.Build.0 = Debug|Any CPU
		{6C026CBA-1899-4421-8C51-BC3854A0D102}.Release|Any CPU.ActiveCfg = Release|Any CPU
		{6C026CBA-1899-4421-8C51-BC3854A0D102}.Release|Any CPU.Build.0 = Release|Any CPU
		{34CA3CA9-AF96-450D-B528-850D9C955312}.Debug|Any CPU.ActiveCfg = Debug|Any CPU
		{34CA3CA9-AF96-450D-B528-850D9C955312}.Debug|Any CPU.Build.0 = Debug|Any CPU
		{34CA3CA9-AF96-450D-B528-850D9C955312}.Release|Any CPU.ActiveCfg = Release|Any CPU
		{34CA3CA9-AF96-450D-B528-850D9C955312}.Release|Any CPU.Build.0 = Release|Any CPU
	EndGlobalSection
	GlobalSection(NestedProjects) = preSolution
		{34CA3CA9-AF96-450D-B528-850D9C955312} = {A0295B21-2A7E-41B4-B75C-75CDDC38CC65}
	EndGlobalSection
EndGlobal
